
Microsoft Visual Studio Solution File, Format Version 12.00
# Visual Studio Version 16
VisualStudioVersion = 16.0.30114.105
MinimumVisualStudioVersion = 10.0.40219.1
Project("{FAE04EC0-301F-11D3-BF4B-00C04F79EFBC}") = "Framework", "Framework\Framework.csproj", "{708F850E-EF49-4044-BDBA-9889EDE4DDC2}"
EndProject
Project("{FAE04EC0-301F-11D3-BF4B-00C04F79EFBC}") = "Royale", "Royale\Royale.csproj", "{9AD6B60D-0561-476D-8E2E-498C61A69831}"
EndProject
Project("{FAE04EC0-301F-11D3-BF4B-00C04F79EFBC}") = "Royal.Tests", "Royale.Tests\Royal.Tests.csproj", "{1CB78722-D74B-43A1-9CF6-92F2408B663B}"
EndProject
Global
	GlobalSection(SolutionConfigurationPlatforms) = preSolution
		Debug|Any CPU = Debug|Any CPU
		Release|Any CPU = Release|Any CPU
	EndGlobalSection
	GlobalSection(SolutionProperties) = preSolution
		HideSolutionNode = FALSE
	EndGlobalSection
	GlobalSection(ProjectConfigurationPlatforms) = postSolution
		{708F850E-EF49-4044-BDBA-9889EDE4DDC2}.Debug|Any CPU.ActiveCfg = Debug|Any CPU
		{708F850E-EF49-4044-BDBA-9889EDE4DDC2}.Debug|Any CPU.Build.0 = Debug|Any CPU
		{708F850E-EF49-4044-BDBA-9889EDE4DDC2}.Release|Any CPU.ActiveCfg = Release|Any CPU
		{708F850E-EF49-4044-BDBA-9889EDE4DDC2}.Release|Any CPU.Build.0 = Release|Any CPU
		{9AD6B60D-0561-476D-8E2E-498C61A69831}.Debug|Any CPU.ActiveCfg = Debug|Any CPU
		{9AD6B60D-0561-476D-8E2E-498C61A69831}.Debug|Any CPU.Build.0 = Debug|Any CPU
		{9AD6B60D-0561-476D-8E2E-498C61A69831}.Release|Any CPU.ActiveCfg = Release|Any CPU
		{9AD6B60D-0561-476D-8E2E-498C61A69831}.Release|Any CPU.Build.0 = Release|Any CPU
		{1CB78722-D74B-43A1-9CF6-92F2408B663B}.Debug|Any CPU.ActiveCfg = Debug|Any CPU
		{1CB78722-D74B-43A1-9CF6-92F2408B663B}.Debug|Any CPU.Build.0 = Debug|Any CPU
		{1CB78722-D74B-43A1-9CF6-92F2408B663B}.Release|Any CPU.ActiveCfg = Release|Any CPU
		{1CB78722-D74B-43A1-9CF6-92F2408B663B}.Release|Any CPU.Build.0 = Release|Any CPU
	EndGlobalSection
EndGlobal
